
Microsoft Visual Studio Solution File, Format Version 12.00
# Visual Studio Version 16
VisualStudioVersion = 16.0.30907.101
MinimumVisualStudioVersion = 10.0.40219.1
Project("{9092AA53-FB77-4645-B42D-1CCCA6BD08BD}") = "Lab3", "Lab3.njsproj", "{3F2ABE73-D082-4E84-BAF9-F161372B5D06}"
EndProject
Global
	GlobalSection(SolutionConfigurationPlatforms) = preSolution
		Debug|Any CPU = Debug|Any CPU
		Release|Any CPU = Release|Any CPU
	EndGlobalSection
	GlobalSection(ProjectConfigurationPlatforms) = postSolution
		{3F2ABE73-D082-4E84-BAF9-F161372B5D06}.Debug|Any CPU.ActiveCfg = Debug|Any CPU
		{3F2ABE73-D082-4E84-BAF9-F161372B5D06}.Debug|Any CPU.Build.0 = Debug|Any CPU
		{3F2ABE73-D082-4E84-BAF9-F161372B5D06}.Release|Any CPU.ActiveCfg = Release|Any CPU
		{3F2ABE73-D082-4E84-BAF9-F161372B5D06}.Release|Any CPU.Build.0 = Release|Any CPU
	EndGlobalSection
	GlobalSection(SolutionProperties) = preSolution
		HideSolutionNode = FALSE
	EndGlobalSection
	GlobalSection(ExtensibilityGlobals) = postSolution
		SolutionGuid = {2E6C1E88-22E1-48D0-A0CF-C8BC947D81FD}
	EndGlobalSection
EndGlobal
